
Microsoft Visual Studio Solution File, Format Version 12.00
# Visual Studio Version 17
VisualStudioVersion = 17.0.31903.59
MinimumVisualStudioVersion = 10.0.40219.1
Project("{2150E333-8FDC-42A3-9474-1A3956D46DE8}") = "src", "src", "{368A35D7-F598-4817-893C-A7ED92F5DCAC}"
EndProject
Project("{FAE04EC0-301F-11D3-BF4B-00C04F79EFBC}") = "Domain", "src\Domain\Domain.csproj", "{9EE2B4F6-3B9E-4938-92A1-172B3EC825F2}"
EndProject
Project("{FAE04EC0-301F-11D3-BF4B-00C04F79EFBC}") = "Application", "src\Application\Application.csproj", "{3E1396B6-D67A-4FD7-92C4-D173A733B741}"
EndProject
Project("{FAE04EC0-301F-11D3-BF4B-00C04F79EFBC}") = "Infrastructure", "src\Infrastructure\Infrastructure.csproj", "{D6CA106D-6B1D-4570-8AD2-D330EA98F8A7}"
EndProject
Project("{FAE04EC0-301F-11D3-BF4B-00C04F79EFBC}") = "Presentation", "src\Presentation\Presentation.csproj", "{9AA3CEA2-20C3-494D-A623-1F0869054BCB}"
EndProject
Project("{FAE04EC0-301F-11D3-BF4B-00C04F79EFBC}") = "Test", "src\Test\Test.csproj", "{DE69F30F-514C-44B5-804F-2321D4647D8A}"
EndProject
Project("{2150E333-8FDC-42A3-9474-1A3956D46DE8}") = "SolutionItems", "SolutionItems", "{5022CF82-F973-412C-8F2F-2A0916AA33AB}"
	ProjectSection(SolutionItems) = preProject
		.editorconfig = .editorconfig
		.gitignore = .gitignore
		changelog.md = changelog.md
		shell.md = shell.md
		tasklist.md = tasklist.md
	EndProjectSection
EndProject
Global
	GlobalSection(SolutionConfigurationPlatforms) = preSolution
		Debug|Any CPU = Debug|Any CPU
		Release|Any CPU = Release|Any CPU
	EndGlobalSection
	GlobalSection(ProjectConfigurationPlatforms) = postSolution
		{9EE2B4F6-3B9E-4938-92A1-172B3EC825F2}.Debug|Any CPU.ActiveCfg = Debug|Any CPU
		{9EE2B4F6-3B9E-4938-92A1-172B3EC825F2}.Debug|Any CPU.Build.0 = Debug|Any CPU
		{9EE2B4F6-3B9E-4938-92A1-172B3EC825F2}.Release|Any CPU.ActiveCfg = Release|Any CPU
		{9EE2B4F6-3B9E-4938-92A1-172B3EC825F2}.Release|Any CPU.Build.0 = Release|Any CPU
		{3E1396B6-D67A-4FD7-92C4-D173A733B741}.Debug|Any CPU.ActiveCfg = Debug|Any CPU
		{3E1396B6-D67A-4FD7-92C4-D173A733B741}.Debug|Any CPU.Build.0 = Debug|Any CPU
		{3E1396B6-D67A-4FD7-92C4-D173A733B741}.Release|Any CPU.ActiveCfg = Release|Any CPU
		{3E1396B6-D67A-4FD7-92C4-D173A733B741}.Release|Any CPU.Build.0 = Release|Any CPU
		{D6CA106D-6B1D-4570-8AD2-D330EA98F8A7}.Debug|Any CPU.ActiveCfg = Debug|Any CPU
		{D6CA106D-6B1D-4570-8AD2-D330EA98F8A7}.Debug|Any CPU.Build.0 = Debug|Any CPU
		{D6CA106D-6B1D-4570-8AD2-D330EA98F8A7}.Release|Any CPU.ActiveCfg = Release|Any CPU
		{D6CA106D-6B1D-4570-8AD2-D330EA98F8A7}.Release|Any CPU.Build.0 = Release|Any CPU
		{9AA3CEA2-20C3-494D-A623-1F0869054BCB}.Debug|Any CPU.ActiveCfg = Debug|Any CPU
		{9AA3CEA2-20C3-494D-A623-1F0869054BCB}.Debug|Any CPU.Build.0 = Debug|Any CPU
		{9AA3CEA2-20C3-494D-A623-1F0869054BCB}.Release|Any CPU.ActiveCfg = Release|Any CPU
		{9AA3CEA2-20C3-494D-A623-1F0869054BCB}.Release|Any CPU.Build.0 = Release|Any CPU
		{DE69F30F-514C-44B5-804F-2321D4647D8A}.Debug|Any CPU.ActiveCfg = Debug|Any CPU
		{DE69F30F-514C-44B5-804F-2321D4647D8A}.Debug|Any CPU.Build.0 = Debug|Any CPU
		{DE69F30F-514C-44B5-804F-2321D4647D8A}.Release|Any CPU.ActiveCfg = Release|Any CPU
		{DE69F30F-514C-44B5-804F-2321D4647D8A}.Release|Any CPU.Build.0 = Release|Any CPU
	EndGlobalSection
	GlobalSection(SolutionProperties) = preSolution
		HideSolutionNode = FALSE
	EndGlobalSection
	GlobalSection(NestedProjects) = preSolution
		{9EE2B4F6-3B9E-4938-92A1-172B3EC825F2} = {368A35D7-F598-4817-893C-A7ED92F5DCAC}
		{3E1396B6-D67A-4FD7-92C4-D173A733B741} = {368A35D7-F598-4817-893C-A7ED92F5DCAC}
		{D6CA106D-6B1D-4570-8AD2-D330EA98F8A7} = {368A35D7-F598-4817-893C-A7ED92F5DCAC}
		{9AA3CEA2-20C3-494D-A623-1F0869054BCB} = {368A35D7-F598-4817-893C-A7ED92F5DCAC}
		{DE69F30F-514C-44B5-804F-2321D4647D8A} = {368A35D7-F598-4817-893C-A7ED92F5DCAC}
	EndGlobalSection
EndGlobal
